<Solution>
  <Folder Name="/Solution Items/">
    <File Path=".gitignore" />
  </Folder>
  <Project Path="FlyerMonkey.Api/FlyerMonkey.Api.csproj" Id="2dd7cdc9-b4a1-4264-a108-8b27014f0be6">
    <BuildType Project="Release" />
  </Project>
  <Project Path="FlyerMonkey.Reviewer.Windows/FlyerMonkey.Reviewer.Windows.csproj" Id="03fb8089-7bb7-43a7-935d-606e2eb3fa0e" />
  <Project Path="FlyerMonkey/FlyerMonkey.Shared/FlyerMonkey.Shared.csproj" />
  <Project Path="FlyerMonkey/FlyerMonkey.Web/FlyerMonkey.Web.csproj" />
  <Project Path="FlyerMonkey/FlyerMonkey/FlyerMonkey.csproj">
    <Deploy />
  </Project>
  <Project Path="SQLServerConnection/SQLServerConnection.csproj" Id="19251ec5-db7b-47af-a8ab-b7c230ec991e" />
</Solution>
